// !$*UTF8*$!
{
	archiveVersion = 1;
	classes = {
	};
	objectVersion = 56;
	objects = {

/* Begin PBXBuildFile section */
		46B90CDA2B8C42F9006CDE97 /* DecodingJsonRestApiApp.swift in Sources */ = {isa = PBXBuildFile; fileRef = 46B90CD92B8C42F9006CDE97 /* DecodingJsonRestApiApp.swift */; };
		46B90CDE2B8C42FA006CDE97 /* Assets.xcassets in Resources */ = {isa = PBXBuildFile; fileRef = 46B90CDD2B8C42FA006CDE97 /* Assets.xcassets */; };
		46B90CE12B8C42FA006CDE97 /* Preview Assets.xcassets in Resources */ = {isa = PBXBuildFile; fileRef = 46B90CE02B8C42FA006CDE97 /* Preview Assets.xcassets */; };
		46B90CEB2B8C42FA006CDE97 /* DecodingJsonRestApiTests.swift in Sources */ = {isa = PBXBuildFile; fileRef = 46B90CEA2B8C42FA006CDE97 /* DecodingJsonRestApiTests.swift */; };
		46B90CF52B8C42FA006CDE97 /* DecodingJsonRestApiUITests.swift in Sources */ = {isa = PBXBuildFile; fileRef = 46B90CF42B8C42FA006CDE97 /* DecodingJsonRestApiUITests.swift */; };
		46B90CF72B8C42FA006CDE97 /* DecodingJsonRestApiUITestsLaunchTests.swift in Sources */ = {isa = PBXBuildFile; fileRef = 46B90CF62B8C42FA006CDE97 /* DecodingJsonRestApiUITestsLaunchTests.swift */; };
		46B90D082B8C44C5006CDE97 /* Post.swift in Sources */ = {isa = PBXBuildFile; fileRef = 46B90D072B8C44C5006CDE97 /* Post.swift */; };
		46B90D0B2B8C76E4006CDE97 /* Network.swift in Sources */ = {isa = PBXBuildFile; fileRef = 46B90D0A2B8C76E4006CDE97 /* Network.swift */; };
		46B90D0E2B8C7FBF006CDE97 /* PostsScreen.swift in Sources */ = {isa = PBXBuildFile; fileRef = 46B90D0D2B8C7FBF006CDE97 /* PostsScreen.swift */; };
		46B90D102B8C81AB006CDE97 /* PostDetailScreen.swift in Sources */ = {isa = PBXBuildFile; fileRef = 46B90D0F2B8C81AB006CDE97 /* PostDetailScreen.swift */; };
		46B90D122B8CC9A9006CDE97 /* Comment.swift in Sources */ = {isa = PBXBuildFile; fileRef = 46B90D112B8CC9A9006CDE97 /* Comment.swift */; };
/* End PBXBuildFile section */

/* Begin PBXContainerItemProxy section */
		46B90CE72B8C42FA006CDE97 /* PBXContainerItemProxy */ = {
			isa = PBXContainerItemProxy;
			containerPortal = 46B90CCE2B8C42F9006CDE97 /* Project object */;
			proxyType = 1;
			remoteGlobalIDString = 46B90CD52B8C42F9006CDE97;
			remoteInfo = DecodingJsonRestApi;
		};
		46B90CF12B8C42FA006CDE97 /* PBXContainerItemProxy */ = {
			isa = PBXContainerItemProxy;
			containerPortal = 46B90CCE2B8C42F9006CDE97 /* Project object */;
			proxyType = 1;
			remoteGlobalIDString = 46B90CD52B8C42F9006CDE97;
			remoteInfo = DecodingJsonRestApi;
		};
/* End PBXContainerItemProxy section */

/* Begin PBXFileReference section */
		46B90CD62B8C42F9006CDE97 /* DecodingJsonRestApi.app */ = {isa = PBXFileReference; explicitFileType = wrapper.application; includeInIndex = 0; path = DecodingJsonRestApi.app; sourceTree = BUILT_PRODUCTS_DIR; };
		46B90CD92B8C42F9006CDE97 /* DecodingJsonRestApiApp.swift */ = {isa = PBXFileReference; lastKnownFileType = sourcecode.swift; path = DecodingJsonRestApiApp.swift; sourceTree = "<group>"; };
		46B90CDD2B8C42FA006CDE97 /* Assets.xcassets */ = {isa = PBXFileReference; lastKnownFileType = folder.assetcatalog; path = Assets.xcassets; sourceTree = "<group>"; };
		46B90CE02B8C42FA006CDE97 /* Preview Assets.xcassets */ = {isa = PBXFileReference; lastKnownFileType = folder.assetcatalog; path = "Preview Assets.xcassets"; sourceTree = "<group>"; };
		46B90CE62B8C42FA006CDE97 /* DecodingJsonRestApiTests.xctest */ = {isa = PBXFileReference; explicitFileType = wrapper.cfbundle; includeInIndex = 0; path = DecodingJsonRestApiTests.xctest; sourceTree = BUILT_PRODUCTS_DIR; };
		46B90CEA2B8C42FA006CDE97 /* DecodingJsonRestApiTests.swift */ = {isa = PBXFileReference; lastKnownFileType = sourcecode.swift; path = DecodingJsonRestApiTests.swift; sourceTree = "<group>"; };
		46B90CF02B8C42FA006CDE97 /* DecodingJsonRestApiUITests.xctest */ = {isa = PBXFileReference; explicitFileType = wrapper.cfbundle; includeInIndex = 0; path = DecodingJsonRestApiUITests.xctest; sourceTree = BUILT_PRODUCTS_DIR; };
		46B90CF42B8C42FA006CDE97 /* DecodingJsonRestApiUITests.swift */ = {isa = PBXFileReference; lastKnownFileType = sourcecode.swift; path = DecodingJsonRestApiUITests.swift; sourceTree = "<group>"; };
		46B90CF62B8C42FA006CDE97 /* DecodingJsonRestApiUITestsLaunchTests.swift */ = {isa = PBXFileReference; lastKnownFileType = sourcecode.swift; path = DecodingJsonRestApiUITestsLaunchTests.swift; sourceTree = "<group>"; };
		46B90D072B8C44C5006CDE97 /* Post.swift */ = {isa = PBXFileReference; lastKnownFileType = sourcecode.swift; path = Post.swift; sourceTree = "<group>"; };
		46B90D0A2B8C76E4006CDE97 /* Network.swift */ = {isa = PBXFileReference; lastKnownFileType = sourcecode.swift; path = Network.swift; sourceTree = "<group>"; };
		46B90D0D2B8C7FBF006CDE97 /* PostsScreen.swift */ = {isa = PBXFileReference; lastKnownFileType = sourcecode.swift; path = PostsScreen.swift; sourceTree = "<group>"; };
		46B90D0F2B8C81AB006CDE97 /* PostDetailScreen.swift */ = {isa = PBXFileReference; lastKnownFileType = sourcecode.swift; path = PostDetailScreen.swift; sourceTree = "<group>"; };
		46B90D112B8CC9A9006CDE97 /* Comment.swift */ = {isa = PBXFileReference; lastKnownFileType = sourcecode.swift; path = Comment.swift; sourceTree = "<group>"; };
/* End PBXFileReference section */

/* Begin PBXFrameworksBuildPhase section */
		46B90CD32B8C42F9006CDE97 /* Frameworks */ = {
			isa = PBXFrameworksBuildPhase;
			buildActionMask = 2147483647;
			files = (
			);
			runOnlyForDeploymentPostprocessing = 0;
		};
		46B90CE32B8C42FA006CDE97 /* Frameworks */ = {
			isa = PBXFrameworksBuildPhase;
			buildActionMask = 2147483647;
			files = (
			);
			runOnlyForDeploymentPostprocessing = 0;
		};
		46B90CED2B8C42FA006CDE97 /* Frameworks */ = {
			isa = PBXFrameworksBuildPhase;
			buildActionMask = 2147483647;
			files = (
			);
			runOnlyForDeploymentPostprocessing = 0;
		};
/* End PBXFrameworksBuildPhase section */

/* Begin PBXGroup section */
		46B90CCD2B8C42F9006CDE97 = {
			isa = PBXGroup;
			children = (
				46B90CD82B8C42F9006CDE97 /* DecodingJsonRestApi */,
				46B90CE92B8C42FA006CDE97 /* DecodingJsonRestApiTests */,
				46B90CF32B8C42FA006CDE97 /* DecodingJsonRestApiUITests */,
				46B90CD72B8C42F9006CDE97 /* Products */,
			);
			sourceTree = "<group>";
		};
		46B90CD72B8C42F9006CDE97 /* Products */ = {
			isa = PBXGroup;
			children = (
				46B90CD62B8C42F9006CDE97 /* DecodingJsonRestApi.app */,
				46B90CE62B8C42FA006CDE97 /* DecodingJsonRestApiTests.xctest */,
				46B90CF02B8C42FA006CDE97 /* DecodingJsonRestApiUITests.xctest */,
			);
			name = Products;
			sourceTree = "<group>";
		};
		46B90CD82B8C42F9006CDE97 /* DecodingJsonRestApi */ = {
			isa = PBXGroup;
			children = (
				46B90D0C2B8C7DA0006CDE97 /* Screens */,
				46B90D092B8C76B5006CDE97 /* Services */,
				46B90D062B8C448E006CDE97 /* Models */,
				46B90CD92B8C42F9006CDE97 /* DecodingJsonRestApiApp.swift */,
				46B90CDD2B8C42FA006CDE97 /* Assets.xcassets */,
				46B90CDF2B8C42FA006CDE97 /* Preview Content */,
			);
			path = DecodingJsonRestApi;
			sourceTree = "<group>";
		};
		46B90CDF2B8C42FA006CDE97 /* Preview Content */ = {
			isa = PBXGroup;
			children = (
				46B90CE02B8C42FA006CDE97 /* Preview Assets.xcassets */,
			);
			path = "Preview Content";
			sourceTree = "<group>";
		};
		46B90CE92B8C42FA006CDE97 /* DecodingJsonRestApiTests */ = {
			isa = PBXGroup;
			children = (
				46B90CEA2B8C42FA006CDE97 /* DecodingJsonRestApiTests.swift */,
			);
			path = DecodingJsonRestApiTests;
			sourceTree = "<group>";
		};
		46B90CF32B8C42FA006CDE97 /* DecodingJsonRestApiUITests */ = {
			isa = PBXGroup;
			children = (
				46B90CF42B8C42FA006CDE97 /* DecodingJsonRestApiUITests.swift */,
				46B90CF62B8C42FA006CDE97 /* DecodingJsonRestApiUITestsLaunchTests.swift */,
			);
			path = DecodingJsonRestApiUITests;
			sourceTree = "<group>";
		};
		46B90D062B8C448E006CDE97 /* Models */ = {
			isa = PBXGroup;
			children = (
				46B90D072B8C44C5006CDE97 /* Post.swift */,
				46B90D112B8CC9A9006CDE97 /* Comment.swift */,
			);
			path = Models;
			sourceTree = "<group>";
		};
		46B90D092B8C76B5006CDE97 /* Services */ = {
			isa = PBXGroup;
			children = (
				46B90D0A2B8C76E4006CDE97 /* Network.swift */,
			);
			path = Services;
			sourceTree = "<group>";
		};
		46B90D0C2B8C7DA0006CDE97 /* Screens */ = {
			isa = PBXGroup;
			children = (
				46B90D0D2B8C7FBF006CDE97 /* PostsScreen.swift */,
				46B90D0F2B8C81AB006CDE97 /* PostDetailScreen.swift */,
			);
			path = Screens;
			sourceTree = "<group>";
		};
/* End PBXGroup section */

/* Begin PBXNativeTarget section */
		46B90CD52B8C42F9006CDE97 /* DecodingJsonRestApi */ = {
			isa = PBXNativeTarget;
			buildConfigurationList = 46B90CFA2B8C42FA006CDE97 /* Build configuration list for PBXNativeTarget "DecodingJsonRestApi" */;
			buildPhases = (
				46B90CD22B8C42F9006CDE97 /* Sources */,
				46B90CD32B8C42F9006CDE97 /* Frameworks */,
				46B90CD42B8C42F9006CDE97 /* Resources */,
			);
			buildRules = (
			);
			dependencies = (
			);
			name = DecodingJsonRestApi;
			productName = DecodingJsonRestApi;
			productReference = 46B90CD62B8C42F9006CDE97 /* DecodingJsonRestApi.app */;
			productType = "com.apple.product-type.application";
		};
		46B90CE52B8C42FA006CDE97 /* DecodingJsonRestApiTests */ = {
			isa = PBXNativeTarget;
			buildConfigurationList = 46B90CFD2B8C42FA006CDE97 /* Build configuration list for PBXNativeTarget "DecodingJsonRestApiTests" */;
			buildPhases = (
				46B90CE22B8C42FA006CDE97 /* Sources */,
				46B90CE32B8C42FA006CDE97 /* Frameworks */,
				46B90CE42B8C42FA006CDE97 /* Resources */,
			);
			buildRules = (
			);
			dependencies = (
				46B90CE82B8C42FA006CDE97 /* PBXTargetDependency */,
			);
			name = DecodingJsonRestApiTests;
			productName = DecodingJsonRestApiTests;
			productReference = 46B90CE62B8C42FA006CDE97 /* DecodingJsonRestApiTests.xctest */;
			productType = "com.apple.product-type.bundle.unit-test";
		};
		46B90CEF2B8C42FA006CDE97 /* DecodingJsonRestApiUITests */ = {
			isa = PBXNativeTarget;
			buildConfigurationList = 46B90D002B8C42FA006CDE97 /* Build configuration list for PBXNativeTarget "DecodingJsonRestApiUITests" */;
			buildPhases = (
				46B90CEC2B8C42FA006CDE97 /* Sources */,
				46B90CED2B8C42FA006CDE97 /* Frameworks */,
				46B90CEE2B8C42FA006CDE97 /* Resources */,
			);
			buildRules = (
			);
			dependencies = (
				46B90CF22B8C42FA006CDE97 /* PBXTargetDependency */,
			);
			name = DecodingJsonRestApiUITests;
			productName = DecodingJsonRestApiUITests;
			productReference = 46B90CF02B8C42FA006CDE97 /* DecodingJsonRestApiUITests.xctest */;
			productType = "com.apple.product-type.bundle.ui-testing";
		};
/* End PBXNativeTarget section */

/* Begin PBXProject section */
		46B90CCE2B8C42F9006CDE97 /* Project object */ = {
			isa = PBXProject;
			attributes = {
				BuildIndependentTargetsInParallel = 1;
				LastSwiftUpdateCheck = 1520;
				LastUpgradeCheck = 1520;
				TargetAttributes = {
					46B90CD52B8C42F9006CDE97 = {
						CreatedOnToolsVersion = 15.2;
					};
					46B90CE52B8C42FA006CDE97 = {
						CreatedOnToolsVersion = 15.2;
						TestTargetID = 46B90CD52B8C42F9006CDE97;
					};
					46B90CEF2B8C42FA006CDE97 = {
						CreatedOnToolsVersion = 15.2;
						TestTargetID = 46B90CD52B8C42F9006CDE97;
					};
				};
			};
			buildConfigurationList = 46B90CD12B8C42F9006CDE97 /* Build configuration list for PBXProject "DecodingJsonRestApi" */;
			compatibilityVersion = "Xcode 14.0";
			developmentRegion = en;
			hasScannedForEncodings = 0;
			knownRegions = (
				en,
				Base,
			);
			mainGroup = 46B90CCD2B8C42F9006CDE97;
			productRefGroup = 46B90CD72B8C42F9006CDE97 /* Products */;
			projectDirPath = "";
			projectRoot = "";
			targets = (
				46B90CD52B8C42F9006CDE97 /* DecodingJsonRestApi */,
				46B90CE52B8C42FA006CDE97 /* DecodingJsonRestApiTests */,
				46B90CEF2B8C42FA006CDE97 /* DecodingJsonRestApiUITests */,
			);
		};
/* End PBXProject section */

/* Begin PBXResourcesBuildPhase section */
		46B90CD42B8C42F9006CDE97 /* Resources */ = {
			isa = PBXResourcesBuildPhase;
			buildActionMask = 2147483647;
			files = (
				46B90CE12B8C42FA006CDE97 /* Preview Assets.xcassets in Resources */,
				46B90CDE2B8C42FA006CDE97 /* Assets.xcassets in Resources */,
			);
			runOnlyForDeploymentPostprocessing = 0;
		};
		46B90CE42B8C42FA006CDE97 /* Resources */ = {
			isa = PBXResourcesBuildPhase;
			buildActionMask = 2147483647;
			files = (
			);
			runOnlyForDeploymentPostprocessing = 0;
		};
		46B90CEE2B8C42FA006CDE97 /* Resources */ = {
			isa = PBXResourcesBuildPhase;
			buildActionMask = 2147483647;
			files = (
			);
			runOnlyForDeploymentPostprocessing = 0;
		};
/* End PBXResourcesBuildPhase section */

/* Begin PBXSourcesBuildPhase section */
		46B90CD22B8C42F9006CDE97 /* Sources */ = {
			isa = PBXSourcesBuildPhase;
			buildActionMask = 2147483647;
			files = (
				46B90D082B8C44C5006CDE97 /* Post.swift in Sources */,
				46B90D122B8CC9A9006CDE97 /* Comment.swift in Sources */,
				46B90D102B8C81AB006CDE97 /* PostDetailScreen.swift in Sources */,
				46B90D0B2B8C76E4006CDE97 /* Network.swift in Sources */,
				46B90D0E2B8C7FBF006CDE97 /* PostsScreen.swift in Sources */,
				46B90CDA2B8C42F9006CDE97 /* DecodingJsonRestApiApp.swift in Sources */,
			);
			runOnlyForDeploymentPostprocessing = 0;
		};
		46B90CE22B8C42FA006CDE97 /* Sources */ = {
			isa = PBXSourcesBuildPhase;
			buildActionMask = 2147483647;
			files = (
				46B90CEB2B8C42FA006CDE97 /* DecodingJsonRestApiTests.swift in Sources */,
			);
			runOnlyForDeploymentPostprocessing = 0;
		};
		46B90CEC2B8C42FA006CDE97 /* Sources */ = {
			isa = PBXSourcesBuildPhase;
			buildActionMask = 2147483647;
			files = (
				46B90CF72B8C42FA006CDE97 /* DecodingJsonRestApiUITestsLaunchTests.swift in Sources */,
				46B90CF52B8C42FA006CDE97 /* DecodingJsonRestApiUITests.swift in Sources */,
			);
			runOnlyForDeploymentPostprocessing = 0;
		};
/* End PBXSourcesBuildPhase section */

/* Begin PBXTargetDependency section */
		46B90CE82B8C42FA006CDE97 /* PBXTargetDependency */ = {
			isa = PBXTargetDependency;
			target = 46B90CD52B8C42F9006CDE97 /* DecodingJsonRestApi */;
			targetProxy = 46B90CE72B8C42FA006CDE97 /* PBXContainerItemProxy */;
		};
		46B90CF22B8C42FA006CDE97 /* PBXTargetDependency */ = {
			isa = PBXTargetDependency;
			target = 46B90CD52B8C42F9006CDE97 /* DecodingJsonRestApi */;
			targetProxy = 46B90CF12B8C42FA006CDE97 /* PBXContainerItemProxy */;
		};
/* End PBXTargetDependency section */

/* Begin XCBuildConfiguration section */
		46B90CF82B8C42FA006CDE97 /* Debug */ = {
			isa = XCBuildConfiguration;
			buildSettings = {
				ALWAYS_SEARCH_USER_PATHS = NO;
				ASSETCATALOG_COMPILER_GENERATE_SWIFT_ASSET_SYMBOL_EXTENSIONS = YES;
				CLANG_ANALYZER_NONNULL = YES;
				CLANG_ANALYZER_NUMBER_OBJECT_CONVERSION = YES_AGGRESSIVE;
				CLANG_CXX_LANGUAGE_STANDARD = "gnu++20";
				CLANG_ENABLE_MODULES = YES;
				CLANG_ENABLE_OBJC_ARC = YES;
				CLANG_ENABLE_OBJC_WEAK = YES;
				CLANG_WARN_BLOCK_CAPTURE_AUTORELEASING = YES;
				CLANG_WARN_BOOL_CONVERSION = YES;
				CLANG_WARN_COMMA = YES;
				CLANG_WARN_CONSTANT_CONVERSION = YES;
				CLANG_WARN_DEPRECATED_OBJC_IMPLEMENTATIONS = YES;
				CLANG_WARN_DIRECT_OBJC_ISA_USAGE = YES_ERROR;
				CLANG_WARN_DOCUMENTATION_COMMENTS = YES;
				CLANG_WARN_EMPTY_BODY = YES;
				CLANG_WARN_ENUM_CONVERSION = YES;
				CLANG_WARN_INFINITE_RECURSION = YES;
				CLANG_WARN_INT_CONVERSION = YES;
				CLANG_WARN_NON_LITERAL_NULL_CONVERSION = YES;
				CLANG_WARN_OBJC_IMPLICIT_RETAIN_SELF = YES;
				CLANG_WARN_OBJC_LITERAL_CONVERSION = YES;
				CLANG_WARN_OBJC_ROOT_CLASS = YES_ERROR;
				CLANG_WARN_QUOTED_INCLUDE_IN_FRAMEWORK_HEADER = YES;
				CLANG_WARN_RANGE_LOOP_ANALYSIS = YES;
				CLANG_WARN_STRICT_PROTOTYPES = YES;
				CLANG_WARN_SUSPICIOUS_MOVE = YES;
				CLANG_WARN_UNGUARDED_AVAILABILITY = YES_AGGRESSIVE;
				CLANG_WARN_UNREACHABLE_CODE = YES;
				CLANG_WARN__DUPLICATE_METHOD_MATCH = YES;
				COPY_PHASE_STRIP = NO;
				DEBUG_INFORMATION_FORMAT = dwarf;
				ENABLE_STRICT_OBJC_MSGSEND = YES;
				ENABLE_TESTABILITY = YES;
				ENABLE_USER_SCRIPT_SANDBOXING = YES;
				GCC_C_LANGUAGE_STANDARD = gnu17;
				GCC_DYNAMIC_NO_PIC = NO;
				GCC_NO_COMMON_BLOCKS = YES;
				GCC_OPTIMIZATION_LEVEL = 0;
				GCC_PREPROCESSOR_DEFINITIONS = (
					"DEBUG=1",
					"$(inherited)",
				);
				GCC_WARN_64_TO_32_BIT_CONVERSION = YES;
				GCC_WARN_ABOUT_RETURN_TYPE = YES_ERROR;
				GCC_WARN_UNDECLARED_SELECTOR = YES;
				GCC_WARN_UNINITIALIZED_AUTOS = YES_AGGRESSIVE;
				GCC_WARN_UNUSED_FUNCTION = YES;
				GCC_WARN_UNUSED_VARIABLE = YES;
				IPHONEOS_DEPLOYMENT_TARGET = 17.2;
				LOCALIZATION_PREFERS_STRING_CATALOGS = YES;
				MTL_ENABLE_DEBUG_INFO = INCLUDE_SOURCE;
				MTL_FAST_MATH = YES;
				ONLY_ACTIVE_ARCH = YES;
				SDKROOT = iphoneos;
				SWIFT_ACTIVE_COMPILATION_CONDITIONS = "DEBUG $(inherited)";
				SWIFT_OPTIMIZATION_LEVEL = "-Onone";
			};
			name = Debug;
		};
		46B90CF92B8C42FA006CDE97 /* Release */ = {
			isa = XCBuildConfiguration;
			buildSettings = {
				ALWAYS_SEARCH_USER_PATHS = NO;
				ASSETCATALOG_COMPILER_GENERATE_SWIFT_ASSET_SYMBOL_EXTENSIONS = YES;
				CLANG_ANALYZER_NONNULL = YES;
				CLANG_ANALYZER_NUMBER_OBJECT_CONVERSION = YES_AGGRESSIVE;
				CLANG_CXX_LANGUAGE_STANDARD = "gnu++20";
				CLANG_ENABLE_MODULES = YES;
				CLANG_ENABLE_OBJC_ARC = YES;
				CLANG_ENABLE_OBJC_WEAK = YES;
				CLANG_WARN_BLOCK_CAPTURE_AUTORELEASING = YES;
				CLANG_WARN_BOOL_CONVERSION = YES;
				CLANG_WARN_COMMA = YES;
				CLANG_WARN_CONSTANT_CONVERSION = YES;
				CLANG_WARN_DEPRECATED_OBJC_IMPLEMENTATIONS = YES;
				CLANG_WARN_DIRECT_OBJC_ISA_USAGE = YES_ERROR;
				CLANG_WARN_DOCUMENTATION_COMMENTS = YES;
				CLANG_WARN_EMPTY_BODY = YES;
				CLANG_WARN_ENUM_CONVERSION = YES;
				CLANG_WARN_INFINITE_RECURSION = YES;
				CLANG_WARN_INT_CONVERSION = YES;
				CLANG_WARN_NON_LITERAL_NULL_CONVERSION = YES;
				CLANG_WARN_OBJC_IMPLICIT_RETAIN_SELF = YES;
				CLANG_WARN_OBJC_LITERAL_CONVERSION = YES;
				CLANG_WARN_OBJC_ROOT_CLASS = YES_ERROR;
				CLANG_WARN_QUOTED_INCLUDE_IN_FRAMEWORK_HEADER = YES;
				CLANG_WARN_RANGE_LOOP_ANALYSIS = YES;
				CLANG_WARN_STRICT_PROTOTYPES = YES;
				CLANG_WARN_SUSPICIOUS_MOVE = YES;
				CLANG_WARN_UNGUARDED_AVAILABILITY = YES_AGGRESSIVE;
				CLANG_WARN_UNREACHABLE_CODE = YES;
				CLANG_WARN__DUPLICATE_METHOD_MATCH = YES;
				COPY_PHASE_STRIP = NO;
				DEBUG_INFORMATION_FORMAT = "dwarf-with-dsym";
				ENABLE_NS_ASSERTIONS = NO;
				ENABLE_STRICT_OBJC_MSGSEND = YES;
				ENABLE_USER_SCRIPT_SANDBOXING = YES;
				GCC_C_LANGUAGE_STANDARD = gnu17;
				GCC_NO_COMMON_BLOCKS = YES;
				GCC_WARN_64_TO_32_BIT_CONVERSION = YES;
				GCC_WARN_ABOUT_RETURN_TYPE = YES_ERROR;
				GCC_WARN_UNDECLARED_SELECTOR = YES;
				GCC_WARN_UNINITIALIZED_AUTOS = YES_AGGRESSIVE;
				GCC_WARN_UNUSED_FUNCTION = YES;
				GCC_WARN_UNUSED_VARIABLE = YES;
				IPHONEOS_DEPLOYMENT_TARGET = 17.2;
				LOCALIZATION_PREFERS_STRING_CATALOGS = YES;
				MTL_ENABLE_DEBUG_INFO = NO;
				MTL_FAST_MATH = YES;
				SDKROOT = iphoneos;
				SWIFT_COMPILATION_MODE = wholemodule;
				VALIDATE_PRODUCT = YES;
			};
			name = Release;
		};
		46B90CFB2B8C42FA006CDE97 /* Debug */ = {
			isa = XCBuildConfiguration;
			buildSettings = {
				ASSETCATALOG_COMPILER_APPICON_NAME = AppIcon;
				ASSETCATALOG_COMPILER_GLOBAL_ACCENT_COLOR_NAME = AccentColor;
				CODE_SIGN_STYLE = Automatic;
				CURRENT_PROJECT_VERSION = 1;
				DEVELOPMENT_ASSET_PATHS = "\"DecodingJsonRestApi/Preview Content\"";
				ENABLE_PREVIEWS = YES;
				GENERATE_INFOPLIST_FILE = YES;
				INFOPLIST_KEY_UIApplicationSceneManifest_Generation = YES;
				INFOPLIST_KEY_UIApplicationSupportsIndirectInputEvents = YES;
				INFOPLIST_KEY_UILaunchScreen_Generation = YES;
				INFOPLIST_KEY_UISupportedInterfaceOrientations_iPad = "UIInterfaceOrientationPortrait UIInterfaceOrientationPortraitUpsideDown UIInterfaceOrientationLandscapeLeft UIInterfaceOrientationLandscapeRight";
				INFOPLIST_KEY_UISupportedInterfaceOrientations_iPhone = "UIInterfaceOrientationPortrait UIInterfaceOrientationLandscapeLeft UIInterfaceOrientationLandscapeRight";
				LD_RUNPATH_SEARCH_PATHS = (
					"$(inherited)",
					"@executable_path/Frameworks",
				);
				MARKETING_VERSION = 1.0;
				PRODUCT_BUNDLE_IDENTIFIER = com.sushantdsuwal.DecodingJsonRestApi;
				PRODUCT_NAME = "$(TARGET_NAME)";
				SWIFT_EMIT_LOC_STRINGS = YES;
				SWIFT_VERSION = 5.0;
				TARGETED_DEVICE_FAMILY = "1,2";
			};
			name = Debug;
		};
		46B90CFC2B8C42FA006CDE97 /* Release */ = {
			isa = XCBuildConfiguration;
			buildSettings = {
				ASSETCATALOG_COMPILER_APPICON_NAME = AppIcon;
				ASSETCATALOG_COMPILER_GLOBAL_ACCENT_COLOR_NAME = AccentColor;
				CODE_SIGN_STYLE = Automatic;
				CURRENT_PROJECT_VERSION = 1;
				DEVELOPMENT_ASSET_PATHS = "\"DecodingJsonRestApi/Preview Content\"";
				ENABLE_PREVIEWS = YES;
				GENERATE_INFOPLIST_FILE = YES;
				INFOPLIST_KEY_UIApplicationSceneManifest_Generation = YES;
				INFOPLIST_KEY_UIApplicationSupportsIndirectInputEvents = YES;
				INFOPLIST_KEY_UILaunchScreen_Generation = YES;
				INFOPLIST_KEY_UISupportedInterfaceOrientations_iPad = "UIInterfaceOrientationPortrait UIInterfaceOrientationPortraitUpsideDown UIInterfaceOrientationLandscapeLeft UIInterfaceOrientationLandscapeRight";
				INFOPLIST_KEY_UISupportedInterfaceOrientations_iPhone = "UIInterfaceOrientationPortrait UIInterfaceOrientationLandscapeLeft UIInterfaceOrientationLandscapeRight";
				LD_RUNPATH_SEARCH_PATHS = (
					"$(inherited)",
					"@executable_path/Frameworks",
				);
				MARKETING_VERSION = 1.0;
				PRODUCT_BUNDLE_IDENTIFIER = com.sushantdsuwal.DecodingJsonRestApi;
				PRODUCT_NAME = "$(TARGET_NAME)";
				SWIFT_EMIT_LOC_STRINGS = YES;
				SWIFT_VERSION = 5.0;
				TARGETED_DEVICE_FAMILY = "1,2";
			};
			name = Release;
		};
		46B90CFE2B8C42FA006CDE97 /* Debug */ = {
			isa = XCBuildConfiguration;
			buildSettings = {
				ALWAYS_EMBED_SWIFT_STANDARD_LIBRARIES = YES;
				BUNDLE_LOADER = "$(TEST_HOST)";
				CODE_SIGN_STYLE = Automatic;
				CURRENT_PROJECT_VERSION = 1;
				GENERATE_INFOPLIST_FILE = YES;
				IPHONEOS_DEPLOYMENT_TARGET = 17.2;
				MARKETING_VERSION = 1.0;
				PRODUCT_BUNDLE_IDENTIFIER = com.sushantdsuwal.DecodingJsonRestApiTests;
				PRODUCT_NAME = "$(TARGET_NAME)";
				SWIFT_EMIT_LOC_STRINGS = NO;
				SWIFT_VERSION = 5.0;
				TARGETED_DEVICE_FAMILY = "1,2";
				TEST_HOST = "$(BUILT_PRODUCTS_DIR)/DecodingJsonRestApi.app/$(BUNDLE_EXECUTABLE_FOLDER_PATH)/DecodingJsonRestApi";
			};
			name = Debug;
		};
		46B90CFF2B8C42FA006CDE97 /* Release */ = {
			isa = XCBuildConfiguration;
			buildSettings = {
				ALWAYS_EMBED_SWIFT_STANDARD_LIBRARIES = YES;
				BUNDLE_LOADER = "$(TEST_HOST)";
				CODE_SIGN_STYLE = Automatic;
				CURRENT_PROJECT_VERSION = 1;
				GENERATE_INFOPLIST_FILE = YES;
				IPHONEOS_DEPLOYMENT_TARGET = 17.2;
				MARKETING_VERSION = 1.0;
				PRODUCT_BUNDLE_IDENTIFIER = com.sushantdsuwal.DecodingJsonRestApiTests;
				PRODUCT_NAME = "$(TARGET_NAME)";
				SWIFT_EMIT_LOC_STRINGS = NO;
				SWIFT_VERSION = 5.0;
				TARGETED_DEVICE_FAMILY = "1,2";
				TEST_HOST = "$(BUILT_PRODUCTS_DIR)/DecodingJsonRestApi.app/$(BUNDLE_EXECUTABLE_FOLDER_PATH)/DecodingJsonRestApi";
			};
			name = Release;
		};
		46B90D012B8C42FA006CDE97 /* Debug */ = {
			isa = XCBuildConfiguration;
			buildSettings = {
				ALWAYS_EMBED_SWIFT_STANDARD_LIBRARIES = YES;
				CODE_SIGN_STYLE = Automatic;
				CURRENT_PROJECT_VERSION = 1;
				GENERATE_INFOPLIST_FILE = YES;
				MARKETING_VERSION = 1.0;
				PRODUCT_BUNDLE_IDENTIFIER = com.sushantdsuwal.DecodingJsonRestApiUITests;
				PRODUCT_NAME = "$(TARGET_NAME)";
				SWIFT_EMIT_LOC_STRINGS = NO;
				SWIFT_VERSION = 5.0;
				TARGETED_DEVICE_FAMILY = "1,2";
				TEST_TARGET_NAME = DecodingJsonRestApi;
			};
			name = Debug;
		};
		46B90D022B8C42FA006CDE97 /* Release */ = {
			isa = XCBuildConfiguration;
			buildSettings = {
				ALWAYS_EMBED_SWIFT_STANDARD_LIBRARIES = YES;
				CODE_SIGN_STYLE = Automatic;
				CURRENT_PROJECT_VERSION = 1;
				GENERATE_INFOPLIST_FILE = YES;
				MARKETING_VERSION = 1.0;
				PRODUCT_BUNDLE_IDENTIFIER = com.sushantdsuwal.DecodingJsonRestApiUITests;
				PRODUCT_NAME = "$(TARGET_NAME)";
				SWIFT_EMIT_LOC_STRINGS = NO;
				SWIFT_VERSION = 5.0;
				TARGETED_DEVICE_FAMILY = "1,2";
				TEST_TARGET_NAME = DecodingJsonRestApi;
			};
			name = Release;
		};
/* End XCBuildConfiguration section */

/* Begin XCConfigurationList section */
		46B90CD12B8C42F9006CDE97 /* Build configuration list for PBXProject "DecodingJsonRestApi" */ = {
			isa = XCConfigurationList;
			buildConfigurations = (
				46B90CF82B8C42FA006CDE97 /* Debug */,
				46B90CF92B8C42FA006CDE97 /* Release */,
			);
			defaultConfigurationIsVisible = 0;
			defaultConfigurationName = Release;
		};
		46B90CFA2B8C42FA006CDE97 /* Build configuration list for PBXNativeTarget "DecodingJsonRestApi" */ = {
			isa = XCConfigurationList;
			buildConfigurations = (
				46B90CFB2B8C42FA006CDE97 /* Debug */,
				46B90CFC2B8C42FA006CDE97 /* Release */,
			);
			defaultConfigurationIsVisible = 0;
			defaultConfigurationName = Release;
		};
		46B90CFD2B8C42FA006CDE97 /* Build configuration list for PBXNativeTarget "DecodingJsonRestApiTests" */ = {
			isa = XCConfigurationList;
			buildConfigurations = (
				46B90CFE2B8C42FA006CDE97 /* Debug */,
				46B90CFF2B8C42FA006CDE97 /* Release */,
			);
			defaultConfigurationIsVisible = 0;
			defaultConfigurationName = Release;
		};
		46B90D002B8C42FA006CDE97 /* Build configuration list for PBXNativeTarget "DecodingJsonRestApiUITests" */ = {
			isa = XCConfigurationList;
			buildConfigurations = (
				46B90D012B8C42FA006CDE97 /* Debug */,
				46B90D022B8C42FA006CDE97 /* Release */,
			);
			defaultConfigurationIsVisible = 0;
			defaultConfigurationName = Release;
		};
/* End XCConfigurationList section */
	};
	rootObject = 46B90CCE2B8C42F9006CDE97 /* Project object */;
}
